<?xml version="1.0" encoding="utf-8"?>
<Project ToolsVersion="4.0" xmlns="http://schemas.microsoft.com/developer/msbuild/2003">
  <ItemGroup>
    <Filter Include="Engine">
      <UniqueIdentifier>{0224f42f-bbae-4f17-8d13-56ddeb4185b4}</UniqueIdentifier>
    </Filter>
    <Filter Include="TopDownShooter">
      <UniqueIdentifier>{4FC737F1-C7A5-4376-A066-2A32D752A2FF}</UniqueIdentifier>
      <Extensions>cpp;c;cc;cxx;c++;cppm;ixx;def;odl;idl;hpj;bat;asm;asmx</Extensions>
    </Filter>
  </ItemGroup>
  <ItemGroup>
    <ClCompile Include="Application.cpp">
      <Filter>TopDownShooter</Filter>
    </ClCompile>
    <ClCompile Include="Game.cpp">
      <Filter>Engine</Filter>
    </ClCompile>
    <ClCompile Include="Level1.cpp">
      <Filter>TopDownShooter</Filter>
    </ClCompile>
    <ClCompile Include="Player.cpp">
      <Filter>TopDownShooter</Filter>
    </ClCompile>
    <ClCompile Include="Bullet.cpp">
      <Filter>TopDownShooter</Filter>
    </ClCompile>
    <ClCompile Include="Barrel.cpp">
      <Filter>TopDownShooter</Filter>
    </ClCompile>
    <ClCompile Include="Enemy.cpp">
      <Filter>TopDownShooter</Filter>
    </ClCompile>
  </ItemGroup>
  <ItemGroup>
    <ClInclude Include="Game.h">
      <Filter>Engine</Filter>
    </ClInclude>
    <ClInclude Include="Level.h">
      <Filter>Engine</Filter>
    </ClInclude>
    <ClInclude Include="Level1.h">
      <Filter>TopDownShooter</Filter>
    </ClInclude>
    <ClInclude Include="Player.h">
      <Filter>TopDownShooter</Filter>
    </ClInclude>
    <ClInclude Include="GameObject.h">
      <Filter>Engine</Filter>
    </ClInclude>
    <ClInclude Include="Bullet.h">
      <Filter>TopDownShooter</Filter>
    </ClInclude>
    <ClInclude Include="Tilemap.h">
      <Filter>Engine</Filter>
    </ClInclude>
    <ClInclude Include="Animation.h">
      <Filter>Engine</Filter>
    </ClInclude>
    <ClInclude Include="Tags.h">
      <Filter>TopDownShooter</Filter>
    </ClInclude>
    <ClInclude Include="Barrel.h">
      <Filter>TopDownShooter</Filter>
    </ClInclude>
    <ClInclude Include="Enemy.h">
      <Filter>TopDownShooter</Filter>
    </ClInclude>
  </ItemGroup>
</Project>